
Microsoft Visual Studio Solution File, Format Version 12.00
# Visual Studio Version 16
VisualStudioVersion = 16.0.30503.244
MinimumVisualStudioVersion = 15.0.26124.0
Project("{9A19103F-16F7-4668-BE54-9A1E7A4F7556}") = "Guidelines", "Guidelines\Guidelines.csproj", "{98F1854A-D8FE-4AEA-9494-FDC360C9D9B5}"
	ProjectSection(ProjectDependencies) = postProject
		{9A14DE98-8373-4BEE-B564-FC980B1D1396} = {9A14DE98-8373-4BEE-B564-FC980B1D1396}
	EndProjectSection
EndProject
Project("{9A19103F-16F7-4668-BE54-9A1E7A4F7556}") = "Tasks", "Tasks\Tasks.csproj", "{9A14DE98-8373-4BEE-B564-FC980B1D1396}"
EndProject
Project("{2150E333-8FDC-42A3-9474-1A3956D46DE8}") = "Solution Items", "Solution Items", "{FF2678E5-CEAB-425C-B2FB-E3C1E92C70EF}"
	ProjectSection(SolutionItems) = preProject
		.editorconfig = .editorconfig
	EndProjectSection
EndProject
Project("{9A19103F-16F7-4668-BE54-9A1E7A4F7556}") = "Tasks.Tests", "Tasks.Tests\Tasks.Tests.csproj", "{1892704F-77DA-495D-AC15-2304E18E88F2}"
EndProject
Global
	GlobalSection(SolutionConfigurationPlatforms) = preSolution
		Debug|Any CPU = Debug|Any CPU
		Debug|x64 = Debug|x64
		Debug|x86 = Debug|x86
		Release|Any CPU = Release|Any CPU
		Release|x64 = Release|x64
		Release|x86 = Release|x86
	EndGlobalSection
	GlobalSection(ProjectConfigurationPlatforms) = postSolution
		{98F1854A-D8FE-4AEA-9494-FDC360C9D9B5}.Debug|Any CPU.ActiveCfg = Debug|Any CPU
		{98F1854A-D8FE-4AEA-9494-FDC360C9D9B5}.Debug|Any CPU.Build.0 = Debug|Any CPU
		{98F1854A-D8FE-4AEA-9494-FDC360C9D9B5}.Debug|x64.ActiveCfg = Debug|Any CPU
		{98F1854A-D8FE-4AEA-9494-FDC360C9D9B5}.Debug|x64.Build.0 = Debug|Any CPU
		{98F1854A-D8FE-4AEA-9494-FDC360C9D9B5}.Debug|x86.ActiveCfg = Debug|Any CPU
		{98F1854A-D8FE-4AEA-9494-FDC360C9D9B5}.Debug|x86.Build.0 = Debug|Any CPU
		{98F1854A-D8FE-4AEA-9494-FDC360C9D9B5}.Release|Any CPU.ActiveCfg = Release|Any CPU
		{98F1854A-D8FE-4AEA-9494-FDC360C9D9B5}.Release|Any CPU.Build.0 = Release|Any CPU
		{98F1854A-D8FE-4AEA-9494-FDC360C9D9B5}.Release|x64.ActiveCfg = Release|Any CPU
		{98F1854A-D8FE-4AEA-9494-FDC360C9D9B5}.Release|x64.Build.0 = Release|Any CPU
		{98F1854A-D8FE-4AEA-9494-FDC360C9D9B5}.Release|x86.ActiveCfg = Release|Any CPU
		{98F1854A-D8FE-4AEA-9494-FDC360C9D9B5}.Release|x86.Build.0 = Release|Any CPU
		{9A14DE98-8373-4BEE-B564-FC980B1D1396}.Debug|Any CPU.ActiveCfg = Debug|Any CPU
		{9A14DE98-8373-4BEE-B564-FC980B1D1396}.Debug|Any CPU.Build.0 = Debug|Any CPU
		{9A14DE98-8373-4BEE-B564-FC980B1D1396}.Debug|x64.ActiveCfg = Debug|Any CPU
		{9A14DE98-8373-4BEE-B564-FC980B1D1396}.Debug|x64.Build.0 = Debug|Any CPU
		{9A14DE98-8373-4BEE-B564-FC980B1D1396}.Debug|x86.ActiveCfg = Debug|Any CPU
		{9A14DE98-8373-4BEE-B564-FC980B1D1396}.Debug|x86.Build.0 = Debug|Any CPU
		{9A14DE98-8373-4BEE-B564-FC980B1D1396}.Release|Any CPU.ActiveCfg = Release|Any CPU
		{9A14DE98-8373-4BEE-B564-FC980B1D1396}.Release|Any CPU.Build.0 = Release|Any CPU
		{9A14DE98-8373-4BEE-B564-FC980B1D1396}.Release|x64.ActiveCfg = Release|Any CPU
		{9A14DE98-8373-4BEE-B564-FC980B1D1396}.Release|x64.Build.0 = Release|Any CPU
		{9A14DE98-8373-4BEE-B564-FC980B1D1396}.Release|x86.ActiveCfg = Release|Any CPU
		{9A14DE98-8373-4BEE-B564-FC980B1D1396}.Release|x86.Build.0 = Release|Any CPU
		{1892704F-77DA-495D-AC15-2304E18E88F2}.Debug|Any CPU.ActiveCfg = Debug|Any CPU
		{1892704F-77DA-495D-AC15-2304E18E88F2}.Debug|Any CPU.Build.0 = Debug|Any CPU
		{1892704F-77DA-495D-AC15-2304E18E88F2}.Debug|x64.ActiveCfg = Debug|Any CPU
		{1892704F-77DA-495D-AC15-2304E18E88F2}.Debug|x64.Build.0 = Debug|Any CPU
		{1892704F-77DA-495D-AC15-2304E18E88F2}.Debug|x86.ActiveCfg = Debug|Any CPU
		{1892704F-77DA-495D-AC15-2304E18E88F2}.Debug|x86.Build.0 = Debug|Any CPU
		{1892704F-77DA-495D-AC15-2304E18E88F2}.Release|Any CPU.ActiveCfg = Release|Any CPU
		{1892704F-77DA-495D-AC15-2304E18E88F2}.Release|Any CPU.Build.0 = Release|Any CPU
		{1892704F-77DA-495D-AC15-2304E18E88F2}.Release|x64.ActiveCfg = Release|Any CPU
		{1892704F-77DA-495D-AC15-2304E18E88F2}.Release|x64.Build.0 = Release|Any CPU
		{1892704F-77DA-495D-AC15-2304E18E88F2}.Release|x86.ActiveCfg = Release|Any CPU
		{1892704F-77DA-495D-AC15-2304E18E88F2}.Release|x86.Build.0 = Release|Any CPU
	EndGlobalSection
	GlobalSection(SolutionProperties) = preSolution
		HideSolutionNode = FALSE
	EndGlobalSection
	GlobalSection(ExtensibilityGlobals) = postSolution
		SolutionGuid = {5F55D7B6-3FD6-40B6-8890-C7BA86F3A137}
	EndGlobalSection
EndGlobal
